// !$*UTF8*$!
{
	archiveVersion = 1;
	classes = {
	};
	objectVersion = 56;
	objects = {

/* Begin PBXBuildFile section */
		347035512C06295C007A5ECD /* ClearMyDoubtsApp.swift in Sources */ = {isa = PBXBuildFile; fileRef = 347035502C06295C007A5ECD /* ClearMyDoubtsApp.swift */; };
		347035532C06295C007A5ECD /* ContentView.swift in Sources */ = {isa = PBXBuildFile; fileRef = 347035522C06295C007A5ECD /* ContentView.swift */; };
		347035552C06295D007A5ECD /* Assets.xcassets in Resources */ = {isa = PBXBuildFile; fileRef = 347035542C06295D007A5ECD /* Assets.xcassets */; };
		347035582C06295D007A5ECD /* Preview Assets.xcassets in Resources */ = {isa = PBXBuildFile; fileRef = 347035572C06295D007A5ECD /* Preview Assets.xcassets */; };
		347035622C06295D007A5ECD /* ClearMyDoubtsTests.swift in Sources */ = {isa = PBXBuildFile; fileRef = 347035612C06295D007A5ECD /* ClearMyDoubtsTests.swift */; };
		3470356C2C06295D007A5ECD /* ClearMyDoubtsUITests.swift in Sources */ = {isa = PBXBuildFile; fileRef = 3470356B2C06295D007A5ECD /* ClearMyDoubtsUITests.swift */; };
		3470356E2C06295D007A5ECD /* ClearMyDoubtsUITestsLaunchTests.swift in Sources */ = {isa = PBXBuildFile; fileRef = 3470356D2C06295D007A5ECD /* ClearMyDoubtsUITestsLaunchTests.swift */; };
		3470357C2C062B53007A5ECD /* SwiftSpeech in Frameworks */ = {isa = PBXBuildFile; productRef = 3470357B2C062B52007A5ECD /* SwiftSpeech */; };
		3470357F2C0636D2007A5ECD /* SocketIO in Frameworks */ = {isa = PBXBuildFile; productRef = 3470357E2C0636D2007A5ECD /* SocketIO */; };
		347035812C066759007A5ECD /* Settings.bundle in Resources */ = {isa = PBXBuildFile; fileRef = 347035802C066759007A5ECD /* Settings.bundle */; };
		347035842C06772D007A5ECD /* ChatMessage.swift in Sources */ = {isa = PBXBuildFile; fileRef = 347035832C06772D007A5ECD /* ChatMessage.swift */; };
		347035862C067752007A5ECD /* IAResponse.swift in Sources */ = {isa = PBXBuildFile; fileRef = 347035852C067752007A5ECD /* IAResponse.swift */; };
		3470358A2C06778F007A5ECD /* ChatPersonType.swift in Sources */ = {isa = PBXBuildFile; fileRef = 347035892C06778F007A5ECD /* ChatPersonType.swift */; };
		3470358F2C067812007A5ECD /* WebSocket.swift in Sources */ = {isa = PBXBuildFile; fileRef = 3470358E2C067812007A5ECD /* WebSocket.swift */; };
		34973F592C0DE11E006779AF /* Entry.swift in Sources */ = {isa = PBXBuildFile; fileRef = 34973F582C0DE11E006779AF /* Entry.swift */; };
		34973F602C0DED94006779AF /* ChatHistory.swift in Sources */ = {isa = PBXBuildFile; fileRef = 34973F5F2C0DED94006779AF /* ChatHistory.swift */; };
		34973F632C0E0DCA006779AF /* Home.swift in Sources */ = {isa = PBXBuildFile; fileRef = 34973F622C0E0DCA006779AF /* Home.swift */; };
/* End PBXBuildFile section */

/* Begin PBXContainerItemProxy section */
		3470355E2C06295D007A5ECD /* PBXContainerItemProxy */ = {
			isa = PBXContainerItemProxy;
			containerPortal = 347035452C06295C007A5ECD /* Project object */;
			proxyType = 1;
			remoteGlobalIDString = 3470354C2C06295C007A5ECD;
			remoteInfo = ClearMyDoubts;
		};
		347035682C06295D007A5ECD /* PBXContainerItemProxy */ = {
			isa = PBXContainerItemProxy;
			containerPortal = 347035452C06295C007A5ECD /* Project object */;
			proxyType = 1;
			remoteGlobalIDString = 3470354C2C06295C007A5ECD;
			remoteInfo = ClearMyDoubts;
		};
/* End PBXContainerItemProxy section */

/* Begin PBXFileReference section */
		3470354D2C06295C007A5ECD /* ClearMyDoubts.app */ = {isa = PBXFileReference; explicitFileType = wrapper.application; includeInIndex = 0; path = ClearMyDoubts.app; sourceTree = BUILT_PRODUCTS_DIR; };
		347035502C06295C007A5ECD /* ClearMyDoubtsApp.swift */ = {isa = PBXFileReference; lastKnownFileType = sourcecode.swift; path = ClearMyDoubtsApp.swift; sourceTree = "<group>"; };
		347035522C06295C007A5ECD /* ContentView.swift */ = {isa = PBXFileReference; lastKnownFileType = sourcecode.swift; path = ContentView.swift; sourceTree = "<group>"; };
		347035542C06295D007A5ECD /* Assets.xcassets */ = {isa = PBXFileReference; lastKnownFileType = folder.assetcatalog; path = Assets.xcassets; sourceTree = "<group>"; };
		347035572C06295D007A5ECD /* Preview Assets.xcassets */ = {isa = PBXFileReference; lastKnownFileType = folder.assetcatalog; path = "Preview Assets.xcassets"; sourceTree = "<group>"; };
		3470355D2C06295D007A5ECD /* ClearMyDoubtsTests.xctest */ = {isa = PBXFileReference; explicitFileType = wrapper.cfbundle; includeInIndex = 0; path = ClearMyDoubtsTests.xctest; sourceTree = BUILT_PRODUCTS_DIR; };
		347035612C06295D007A5ECD /* ClearMyDoubtsTests.swift */ = {isa = PBXFileReference; lastKnownFileType = sourcecode.swift; path = ClearMyDoubtsTests.swift; sourceTree = "<group>"; };
		347035672C06295D007A5ECD /* ClearMyDoubtsUITests.xctest */ = {isa = PBXFileReference; explicitFileType = wrapper.cfbundle; includeInIndex = 0; path = ClearMyDoubtsUITests.xctest; sourceTree = BUILT_PRODUCTS_DIR; };
		3470356B2C06295D007A5ECD /* ClearMyDoubtsUITests.swift */ = {isa = PBXFileReference; lastKnownFileType = sourcecode.swift; path = ClearMyDoubtsUITests.swift; sourceTree = "<group>"; };
		3470356D2C06295D007A5ECD /* ClearMyDoubtsUITestsLaunchTests.swift */ = {isa = PBXFileReference; lastKnownFileType = sourcecode.swift; path = ClearMyDoubtsUITestsLaunchTests.swift; sourceTree = "<group>"; };
		347035802C066759007A5ECD /* Settings.bundle */ = {isa = PBXFileReference; lastKnownFileType = "wrapper.plug-in"; path = Settings.bundle; sourceTree = "<group>"; };
		347035832C06772D007A5ECD /* ChatMessage.swift */ = {isa = PBXFileReference; lastKnownFileType = sourcecode.swift; path = ChatMessage.swift; sourceTree = "<group>"; };
		347035852C067752007A5ECD /* IAResponse.swift */ = {isa = PBXFileReference; lastKnownFileType = sourcecode.swift; path = IAResponse.swift; sourceTree = "<group>"; };
		347035892C06778F007A5ECD /* ChatPersonType.swift */ = {isa = PBXFileReference; lastKnownFileType = sourcecode.swift; path = ChatPersonType.swift; sourceTree = "<group>"; };
		3470358E2C067812007A5ECD /* WebSocket.swift */ = {isa = PBXFileReference; lastKnownFileType = sourcecode.swift; path = WebSocket.swift; sourceTree = "<group>"; };
		34973F582C0DE11E006779AF /* Entry.swift */ = {isa = PBXFileReference; lastKnownFileType = sourcecode.swift; path = Entry.swift; sourceTree = "<group>"; };
		34973F5F2C0DED94006779AF /* ChatHistory.swift */ = {isa = PBXFileReference; lastKnownFileType = sourcecode.swift; path = ChatHistory.swift; sourceTree = "<group>"; };
		34973F622C0E0DCA006779AF /* Home.swift */ = {isa = PBXFileReference; lastKnownFileType = sourcecode.swift; path = Home.swift; sourceTree = "<group>"; };
/* End PBXFileReference section */

/* Begin PBXFrameworksBuildPhase section */
		3470354A2C06295C007A5ECD /* Frameworks */ = {
			isa = PBXFrameworksBuildPhase;
			buildActionMask = 2147483647;
			files = (
				3470357C2C062B53007A5ECD /* SwiftSpeech in Frameworks */,
				3470357F2C0636D2007A5ECD /* SocketIO in Frameworks */,
			);
			runOnlyForDeploymentPostprocessing = 0;
		};
		3470355A2C06295D007A5ECD /* Frameworks */ = {
			isa = PBXFrameworksBuildPhase;
			buildActionMask = 2147483647;
			files = (
			);
			runOnlyForDeploymentPostprocessing = 0;
		};
		347035642C06295D007A5ECD /* Frameworks */ = {
			isa = PBXFrameworksBuildPhase;
			buildActionMask = 2147483647;
			files = (
			);
			runOnlyForDeploymentPostprocessing = 0;
		};
/* End PBXFrameworksBuildPhase section */

/* Begin PBXGroup section */
		347035442C06295C007A5ECD = {
			isa = PBXGroup;
			children = (
				347035802C066759007A5ECD /* Settings.bundle */,
				3470354F2C06295C007A5ECD /* ClearMyDoubts */,
				347035602C06295D007A5ECD /* ClearMyDoubtsTests */,
				3470356A2C06295D007A5ECD /* ClearMyDoubtsUITests */,
				3470354E2C06295C007A5ECD /* Products */,
			);
			sourceTree = "<group>";
		};
		3470354E2C06295C007A5ECD /* Products */ = {
			isa = PBXGroup;
			children = (
				3470354D2C06295C007A5ECD /* ClearMyDoubts.app */,
				3470355D2C06295D007A5ECD /* ClearMyDoubtsTests.xctest */,
				347035672C06295D007A5ECD /* ClearMyDoubtsUITests.xctest */,
			);
			name = Products;
			sourceTree = "<group>";
		};
		3470354F2C06295C007A5ECD /* ClearMyDoubts */ = {
			isa = PBXGroup;
			children = (
				34973F612C0DEDB7006779AF /* Views */,
				34973F5E2C0DED7B006779AF /* ViewModels */,
				3470358D2C0677EC007A5ECD /* Network */,
				347035822C06771C007A5ECD /* Models */,
				347035502C06295C007A5ECD /* ClearMyDoubtsApp.swift */,
				347035522C06295C007A5ECD /* ContentView.swift */,
				347035542C06295D007A5ECD /* Assets.xcassets */,
				347035562C06295D007A5ECD /* Preview Content */,
			);
			path = ClearMyDoubts;
			sourceTree = "<group>";
		};
		347035562C06295D007A5ECD /* Preview Content */ = {
			isa = PBXGroup;
			children = (
				347035572C06295D007A5ECD /* Preview Assets.xcassets */,
			);
			path = "Preview Content";
			sourceTree = "<group>";
		};
		347035602C06295D007A5ECD /* ClearMyDoubtsTests */ = {
			isa = PBXGroup;
			children = (
				347035612C06295D007A5ECD /* ClearMyDoubtsTests.swift */,
			);
			path = ClearMyDoubtsTests;
			sourceTree = "<group>";
		};
		3470356A2C06295D007A5ECD /* ClearMyDoubtsUITests */ = {
			isa = PBXGroup;
			children = (
				3470356B2C06295D007A5ECD /* ClearMyDoubtsUITests.swift */,
				3470356D2C06295D007A5ECD /* ClearMyDoubtsUITestsLaunchTests.swift */,
			);
			path = ClearMyDoubtsUITests;
			sourceTree = "<group>";
		};
		347035822C06771C007A5ECD /* Models */ = {
			isa = PBXGroup;
			children = (
				347035882C06777B007A5ECD /* Enums */,
				347035832C06772D007A5ECD /* ChatMessage.swift */,
				347035852C067752007A5ECD /* IAResponse.swift */,
			);
			path = Models;
			sourceTree = "<group>";
		};
		347035882C06777B007A5ECD /* Enums */ = {
			isa = PBXGroup;
			children = (
				347035892C06778F007A5ECD /* ChatPersonType.swift */,
			);
			path = Enums;
			sourceTree = "<group>";
		};
		3470358D2C0677EC007A5ECD /* Network */ = {
			isa = PBXGroup;
			children = (
				3470358E2C067812007A5ECD /* WebSocket.swift */,
			);
			path = Network;
			sourceTree = "<group>";
		};
		34973F5E2C0DED7B006779AF /* ViewModels */ = {
			isa = PBXGroup;
			children = (
				34973F5F2C0DED94006779AF /* ChatHistory.swift */,
			);
			path = ViewModels;
			sourceTree = "<group>";
		};
		34973F612C0DEDB7006779AF /* Views */ = {
			isa = PBXGroup;
			children = (
				34973F582C0DE11E006779AF /* Entry.swift */,
				34973F622C0E0DCA006779AF /* Home.swift */,
			);
			path = Views;
			sourceTree = "<group>";
		};
/* End PBXGroup section */

/* Begin PBXNativeTarget section */
		3470354C2C06295C007A5ECD /* ClearMyDoubts */ = {
			isa = PBXNativeTarget;
			buildConfigurationList = 347035712C06295D007A5ECD /* Build configuration list for PBXNativeTarget "ClearMyDoubts" */;
			buildPhases = (
				347035492C06295C007A5ECD /* Sources */,
				3470354A2C06295C007A5ECD /* Frameworks */,
				3470354B2C06295C007A5ECD /* Resources */,
			);
			buildRules = (
			);
			dependencies = (
			);
			name = ClearMyDoubts;
			packageProductDependencies = (
				3470357B2C062B52007A5ECD /* SwiftSpeech */,
				3470357E2C0636D2007A5ECD /* SocketIO */,
			);
			productName = ClearMyDoubts;
			productReference = 3470354D2C06295C007A5ECD /* ClearMyDoubts.app */;
			productType = "com.apple.product-type.application";
		};
		3470355C2C06295D007A5ECD /* ClearMyDoubtsTests */ = {
			isa = PBXNativeTarget;
			buildConfigurationList = 347035742C06295D007A5ECD /* Build configuration list for PBXNativeTarget "ClearMyDoubtsTests" */;
			buildPhases = (
				347035592C06295D007A5ECD /* Sources */,
				3470355A2C06295D007A5ECD /* Frameworks */,
				3470355B2C06295D007A5ECD /* Resources */,
			);
			buildRules = (
			);
			dependencies = (
				3470355F2C06295D007A5ECD /* PBXTargetDependency */,
			);
			name = ClearMyDoubtsTests;
			productName = ClearMyDoubtsTests;
			productReference = 3470355D2C06295D007A5ECD /* ClearMyDoubtsTests.xctest */;
			productType = "com.apple.product-type.bundle.unit-test";
		};
		347035662C06295D007A5ECD /* ClearMyDoubtsUITests */ = {
			isa = PBXNativeTarget;
			buildConfigurationList = 347035772C06295D007A5ECD /* Build configuration list for PBXNativeTarget "ClearMyDoubtsUITests" */;
			buildPhases = (
				347035632C06295D007A5ECD /* Sources */,
				347035642C06295D007A5ECD /* Frameworks */,
				347035652C06295D007A5ECD /* Resources */,
			);
			buildRules = (
			);
			dependencies = (
				347035692C06295D007A5ECD /* PBXTargetDependency */,
			);
			name = ClearMyDoubtsUITests;
			productName = ClearMyDoubtsUITests;
			productReference = 347035672C06295D007A5ECD /* ClearMyDoubtsUITests.xctest */;
			productType = "com.apple.product-type.bundle.ui-testing";
		};
/* End PBXNativeTarget section */

/* Begin PBXProject section */
		347035452C06295C007A5ECD /* Project object */ = {
			isa = PBXProject;
			attributes = {
				BuildIndependentTargetsInParallel = 1;
				LastSwiftUpdateCheck = 1540;
				LastUpgradeCheck = 1540;
				TargetAttributes = {
					3470354C2C06295C007A5ECD = {
						CreatedOnToolsVersion = 15.4;
					};
					3470355C2C06295D007A5ECD = {
						CreatedOnToolsVersion = 15.4;
						TestTargetID = 3470354C2C06295C007A5ECD;
					};
					347035662C06295D007A5ECD = {
						CreatedOnToolsVersion = 15.4;
						TestTargetID = 3470354C2C06295C007A5ECD;
					};
				};
			};
			buildConfigurationList = 347035482C06295C007A5ECD /* Build configuration list for PBXProject "ClearMyDoubts" */;
			compatibilityVersion = "Xcode 14.0";
			developmentRegion = en;
			hasScannedForEncodings = 0;
			knownRegions = (
				en,
				Base,
			);
			mainGroup = 347035442C06295C007A5ECD;
			packageReferences = (
				3470357A2C0629B8007A5ECD /* XCRemoteSwiftPackageReference "SwiftSpeech" */,
				3470357D2C0636D2007A5ECD /* XCRemoteSwiftPackageReference "socket" */,
			);
			productRefGroup = 3470354E2C06295C007A5ECD /* Products */;
			projectDirPath = "";
			projectRoot = "";
			targets = (
				3470354C2C06295C007A5ECD /* ClearMyDoubts */,
				3470355C2C06295D007A5ECD /* ClearMyDoubtsTests */,
				347035662C06295D007A5ECD /* ClearMyDoubtsUITests */,
			);
		};
/* End PBXProject section */

/* Begin PBXResourcesBuildPhase section */
		3470354B2C06295C007A5ECD /* Resources */ = {
			isa = PBXResourcesBuildPhase;
			buildActionMask = 2147483647;
			files = (
				347035582C06295D007A5ECD /* Preview Assets.xcassets in Resources */,
				347035812C066759007A5ECD /* Settings.bundle in Resources */,
				347035552C06295D007A5ECD /* Assets.xcassets in Resources */,
			);
			runOnlyForDeploymentPostprocessing = 0;
		};
		3470355B2C06295D007A5ECD /* Resources */ = {
			isa = PBXResourcesBuildPhase;
			buildActionMask = 2147483647;
			files = (
			);
			runOnlyForDeploymentPostprocessing = 0;
		};
		347035652C06295D007A5ECD /* Resources */ = {
			isa = PBXResourcesBuildPhase;
			buildActionMask = 2147483647;
			files = (
			);
			runOnlyForDeploymentPostprocessing = 0;
		};
/* End PBXResourcesBuildPhase section */

/* Begin PBXSourcesBuildPhase section */
		347035492C06295C007A5ECD /* Sources */ = {
			isa = PBXSourcesBuildPhase;
			buildActionMask = 2147483647;
			files = (
				34973F592C0DE11E006779AF /* Entry.swift in Sources */,
				347035862C067752007A5ECD /* IAResponse.swift in Sources */,
				347035842C06772D007A5ECD /* ChatMessage.swift in Sources */,
				34973F602C0DED94006779AF /* ChatHistory.swift in Sources */,
				34973F632C0E0DCA006779AF /* Home.swift in Sources */,
				3470358A2C06778F007A5ECD /* ChatPersonType.swift in Sources */,
				347035532C06295C007A5ECD /* ContentView.swift in Sources */,
				347035512C06295C007A5ECD /* ClearMyDoubtsApp.swift in Sources */,
				3470358F2C067812007A5ECD /* WebSocket.swift in Sources */,
			);
			runOnlyForDeploymentPostprocessing = 0;
		};
		347035592C06295D007A5ECD /* Sources */ = {
			isa = PBXSourcesBuildPhase;
			buildActionMask = 2147483647;
			files = (
				347035622C06295D007A5ECD /* ClearMyDoubtsTests.swift in Sources */,
			);
			runOnlyForDeploymentPostprocessing = 0;
		};
		347035632C06295D007A5ECD /* Sources */ = {
			isa = PBXSourcesBuildPhase;
			buildActionMask = 2147483647;
			files = (
				3470356C2C06295D007A5ECD /* ClearMyDoubtsUITests.swift in Sources */,
				3470356E2C06295D007A5ECD /* ClearMyDoubtsUITestsLaunchTests.swift in Sources */,
			);
			runOnlyForDeploymentPostprocessing = 0;
		};
/* End PBXSourcesBuildPhase section */

/* Begin PBXTargetDependency section */
		3470355F2C06295D007A5ECD /* PBXTargetDependency */ = {
			isa = PBXTargetDependency;
			target = 3470354C2C06295C007A5ECD /* ClearMyDoubts */;
			targetProxy = 3470355E2C06295D007A5ECD /* PBXContainerItemProxy */;
		};
		347035692C06295D007A5ECD /* PBXTargetDependency */ = {
			isa = PBXTargetDependency;
			target = 3470354C2C06295C007A5ECD /* ClearMyDoubts */;
			targetProxy = 347035682C06295D007A5ECD /* PBXContainerItemProxy */;
		};
/* End PBXTargetDependency section */

/* Begin XCBuildConfiguration section */
		3470356F2C06295D007A5ECD /* Debug */ = {
			isa = XCBuildConfiguration;
			buildSettings = {
				ALWAYS_SEARCH_USER_PATHS = NO;
				ASSETCATALOG_COMPILER_GENERATE_SWIFT_ASSET_SYMBOL_EXTENSIONS = YES;
				CLANG_ANALYZER_NONNULL = YES;
				CLANG_ANALYZER_NUMBER_OBJECT_CONVERSION = YES_AGGRESSIVE;
				CLANG_CXX_LANGUAGE_STANDARD = "gnu++20";
				CLANG_ENABLE_MODULES = YES;
				CLANG_ENABLE_OBJC_ARC = YES;
				CLANG_ENABLE_OBJC_WEAK = YES;
				CLANG_WARN_BLOCK_CAPTURE_AUTORELEASING = YES;
				CLANG_WARN_BOOL_CONVERSION = YES;
				CLANG_WARN_COMMA = YES;
				CLANG_WARN_CONSTANT_CONVERSION = YES;
				CLANG_WARN_DEPRECATED_OBJC_IMPLEMENTATIONS = YES;
				CLANG_WARN_DIRECT_OBJC_ISA_USAGE = YES_ERROR;
				CLANG_WARN_DOCUMENTATION_COMMENTS = YES;
				CLANG_WARN_EMPTY_BODY = YES;
				CLANG_WARN_ENUM_CONVERSION = YES;
				CLANG_WARN_INFINITE_RECURSION = YES;
				CLANG_WARN_INT_CONVERSION = YES;
				CLANG_WARN_NON_LITERAL_NULL_CONVERSION = YES;
				CLANG_WARN_OBJC_IMPLICIT_RETAIN_SELF = YES;
				CLANG_WARN_OBJC_LITERAL_CONVERSION = YES;
				CLANG_WARN_OBJC_ROOT_CLASS = YES_ERROR;
				CLANG_WARN_QUOTED_INCLUDE_IN_FRAMEWORK_HEADER = YES;
				CLANG_WARN_RANGE_LOOP_ANALYSIS = YES;
				CLANG_WARN_STRICT_PROTOTYPES = YES;
				CLANG_WARN_SUSPICIOUS_MOVE = YES;
				CLANG_WARN_UNGUARDED_AVAILABILITY = YES_AGGRESSIVE;
				CLANG_WARN_UNREACHABLE_CODE = YES;
				CLANG_WARN__DUPLICATE_METHOD_MATCH = YES;
				COPY_PHASE_STRIP = NO;
				DEBUG_INFORMATION_FORMAT = dwarf;
				ENABLE_STRICT_OBJC_MSGSEND = YES;
				ENABLE_TESTABILITY = YES;
				ENABLE_USER_SCRIPT_SANDBOXING = YES;
				GCC_C_LANGUAGE_STANDARD = gnu17;
				GCC_DYNAMIC_NO_PIC = NO;
				GCC_NO_COMMON_BLOCKS = YES;
				GCC_OPTIMIZATION_LEVEL = 0;
				GCC_PREPROCESSOR_DEFINITIONS = (
					"DEBUG=1",
					"$(inherited)",
				);
				GCC_WARN_64_TO_32_BIT_CONVERSION = YES;
				GCC_WARN_ABOUT_RETURN_TYPE = YES_ERROR;
				GCC_WARN_UNDECLARED_SELECTOR = YES;
				GCC_WARN_UNINITIALIZED_AUTOS = YES_AGGRESSIVE;
				GCC_WARN_UNUSED_FUNCTION = YES;
				GCC_WARN_UNUSED_VARIABLE = YES;
				IPHONEOS_DEPLOYMENT_TARGET = 17.5;
				LOCALIZATION_PREFERS_STRING_CATALOGS = YES;
				MTL_ENABLE_DEBUG_INFO = INCLUDE_SOURCE;
				MTL_FAST_MATH = YES;
				ONLY_ACTIVE_ARCH = YES;
				SDKROOT = iphoneos;
				SWIFT_ACTIVE_COMPILATION_CONDITIONS = "DEBUG $(inherited)";
				SWIFT_OPTIMIZATION_LEVEL = "-Onone";
			};
			name = Debug;
		};
		347035702C06295D007A5ECD /* Release */ = {
			isa = XCBuildConfiguration;
			buildSettings = {
				ALWAYS_SEARCH_USER_PATHS = NO;
				ASSETCATALOG_COMPILER_GENERATE_SWIFT_ASSET_SYMBOL_EXTENSIONS = YES;
				CLANG_ANALYZER_NONNULL = YES;
				CLANG_ANALYZER_NUMBER_OBJECT_CONVERSION = YES_AGGRESSIVE;
				CLANG_CXX_LANGUAGE_STANDARD = "gnu++20";
				CLANG_ENABLE_MODULES = YES;
				CLANG_ENABLE_OBJC_ARC = YES;
				CLANG_ENABLE_OBJC_WEAK = YES;
				CLANG_WARN_BLOCK_CAPTURE_AUTORELEASING = YES;
				CLANG_WARN_BOOL_CONVERSION = YES;
				CLANG_WARN_COMMA = YES;
				CLANG_WARN_CONSTANT_CONVERSION = YES;
				CLANG_WARN_DEPRECATED_OBJC_IMPLEMENTATIONS = YES;
				CLANG_WARN_DIRECT_OBJC_ISA_USAGE = YES_ERROR;
				CLANG_WARN_DOCUMENTATION_COMMENTS = YES;
				CLANG_WARN_EMPTY_BODY = YES;
				CLANG_WARN_ENUM_CONVERSION = YES;
				CLANG_WARN_INFINITE_RECURSION = YES;
				CLANG_WARN_INT_CONVERSION = YES;
				CLANG_WARN_NON_LITERAL_NULL_CONVERSION = YES;
				CLANG_WARN_OBJC_IMPLICIT_RETAIN_SELF = YES;
				CLANG_WARN_OBJC_LITERAL_CONVERSION = YES;
				CLANG_WARN_OBJC_ROOT_CLASS = YES_ERROR;
				CLANG_WARN_QUOTED_INCLUDE_IN_FRAMEWORK_HEADER = YES;
				CLANG_WARN_RANGE_LOOP_ANALYSIS = YES;
				CLANG_WARN_STRICT_PROTOTYPES = YES;
				CLANG_WARN_SUSPICIOUS_MOVE = YES;
				CLANG_WARN_UNGUARDED_AVAILABILITY = YES_AGGRESSIVE;
				CLANG_WARN_UNREACHABLE_CODE = YES;
				CLANG_WARN__DUPLICATE_METHOD_MATCH = YES;
				COPY_PHASE_STRIP = NO;
				DEBUG_INFORMATION_FORMAT = "dwarf-with-dsym";
				ENABLE_NS_ASSERTIONS = NO;
				ENABLE_STRICT_OBJC_MSGSEND = YES;
				ENABLE_USER_SCRIPT_SANDBOXING = YES;
				GCC_C_LANGUAGE_STANDARD = gnu17;
				GCC_NO_COMMON_BLOCKS = YES;
				GCC_WARN_64_TO_32_BIT_CONVERSION = YES;
				GCC_WARN_ABOUT_RETURN_TYPE = YES_ERROR;
				GCC_WARN_UNDECLARED_SELECTOR = YES;
				GCC_WARN_UNINITIALIZED_AUTOS = YES_AGGRESSIVE;
				GCC_WARN_UNUSED_FUNCTION = YES;
				GCC_WARN_UNUSED_VARIABLE = YES;
				IPHONEOS_DEPLOYMENT_TARGET = 17.5;
				LOCALIZATION_PREFERS_STRING_CATALOGS = YES;
				MTL_ENABLE_DEBUG_INFO = NO;
				MTL_FAST_MATH = YES;
				SDKROOT = iphoneos;
				SWIFT_COMPILATION_MODE = wholemodule;
				VALIDATE_PRODUCT = YES;
			};
			name = Release;
		};
		347035722C06295D007A5ECD /* Debug */ = {
			isa = XCBuildConfiguration;
			buildSettings = {
				ASSETCATALOG_COMPILER_APPICON_NAME = AppIcon;
				ASSETCATALOG_COMPILER_GLOBAL_ACCENT_COLOR_NAME = AccentColor;
				CODE_SIGN_STYLE = Automatic;
				CURRENT_PROJECT_VERSION = 1;
				DEVELOPMENT_ASSET_PATHS = "\"ClearMyDoubts/Preview Content\"";
				DEVELOPMENT_TEAM = 242QCCLLKK;
				ENABLE_PREVIEWS = YES;
				GENERATE_INFOPLIST_FILE = YES;
				INFOPLIST_KEY_NSMicrophoneUsageDescription = "This app uses the mircrophone to record audio for speech recognition.";
				INFOPLIST_KEY_NSSpeechRecognitionUsageDescription = "This app uses speech recognition to convert your speech into text.";
				INFOPLIST_KEY_UIApplicationSceneManifest_Generation = YES;
				INFOPLIST_KEY_UIApplicationSupportsIndirectInputEvents = YES;
				INFOPLIST_KEY_UILaunchScreen_Generation = YES;
				INFOPLIST_KEY_UISupportedInterfaceOrientations_iPad = "UIInterfaceOrientationPortrait UIInterfaceOrientationPortraitUpsideDown UIInterfaceOrientationLandscapeLeft UIInterfaceOrientationLandscapeRight";
				INFOPLIST_KEY_UISupportedInterfaceOrientations_iPhone = "UIInterfaceOrientationPortrait UIInterfaceOrientationLandscapeLeft UIInterfaceOrientationLandscapeRight";
				IPHONEOS_DEPLOYMENT_TARGET = 17.5;
				LD_RUNPATH_SEARCH_PATHS = (
					"$(inherited)",
					"@executable_path/Frameworks",
				);
				MARKETING_VERSION = 1.0;
				PRODUCT_BUNDLE_IDENTIFIER = dev.lipej.ClearMyDoubts;
				PRODUCT_NAME = "$(TARGET_NAME)";
				SWIFT_EMIT_LOC_STRINGS = YES;
				SWIFT_VERSION = 5.0;
				TARGETED_DEVICE_FAMILY = "1,2";
			};
			name = Debug;
		};
		347035732C06295D007A5ECD /* Release */ = {
			isa = XCBuildConfiguration;
			buildSettings = {
				ASSETCATALOG_COMPILER_APPICON_NAME = AppIcon;
				ASSETCATALOG_COMPILER_GLOBAL_ACCENT_COLOR_NAME = AccentColor;
				CODE_SIGN_STYLE = Automatic;
				CURRENT_PROJECT_VERSION = 1;
				DEVELOPMENT_ASSET_PATHS = "\"ClearMyDoubts/Preview Content\"";
				DEVELOPMENT_TEAM = 242QCCLLKK;
				ENABLE_PREVIEWS = YES;
				GENERATE_INFOPLIST_FILE = YES;
				INFOPLIST_KEY_NSMicrophoneUsageDescription = "This app uses the mircrophone to record audio for speech recognition.";
				INFOPLIST_KEY_NSSpeechRecognitionUsageDescription = "This app uses speech recognition to convert your speech into text.";
				INFOPLIST_KEY_UIApplicationSceneManifest_Generation = YES;
				INFOPLIST_KEY_UIApplicationSupportsIndirectInputEvents = YES;
				INFOPLIST_KEY_UILaunchScreen_Generation = YES;
				INFOPLIST_KEY_UISupportedInterfaceOrientations_iPad = "UIInterfaceOrientationPortrait UIInterfaceOrientationPortraitUpsideDown UIInterfaceOrientationLandscapeLeft UIInterfaceOrientationLandscapeRight";
				INFOPLIST_KEY_UISupportedInterfaceOrientations_iPhone = "UIInterfaceOrientationPortrait UIInterfaceOrientationLandscapeLeft UIInterfaceOrientationLandscapeRight";
				IPHONEOS_DEPLOYMENT_TARGET = 17.5;
				LD_RUNPATH_SEARCH_PATHS = (
					"$(inherited)",
					"@executable_path/Frameworks",
				);
				MARKETING_VERSION = 1.0;
				PRODUCT_BUNDLE_IDENTIFIER = dev.lipej.ClearMyDoubts;
				PRODUCT_NAME = "$(TARGET_NAME)";
				SWIFT_EMIT_LOC_STRINGS = YES;
				SWIFT_VERSION = 5.0;
				TARGETED_DEVICE_FAMILY = "1,2";
			};
			name = Release;
		};
		347035752C06295D007A5ECD /* Debug */ = {
			isa = XCBuildConfiguration;
			buildSettings = {
				ALWAYS_EMBED_SWIFT_STANDARD_LIBRARIES = YES;
				BUNDLE_LOADER = "$(TEST_HOST)";
				CODE_SIGN_STYLE = Automatic;
				CURRENT_PROJECT_VERSION = 1;
				GENERATE_INFOPLIST_FILE = YES;
				IPHONEOS_DEPLOYMENT_TARGET = 17.5;
				MARKETING_VERSION = 1.0;
				PRODUCT_BUNDLE_IDENTIFIER = dev.lipej.ClearMyDoubtsTests;
				PRODUCT_NAME = "$(TARGET_NAME)";
				SWIFT_EMIT_LOC_STRINGS = NO;
				SWIFT_VERSION = 5.0;
				TARGETED_DEVICE_FAMILY = "1,2";
				TEST_HOST = "$(BUILT_PRODUCTS_DIR)/ClearMyDoubts.app/$(BUNDLE_EXECUTABLE_FOLDER_PATH)/ClearMyDoubts";
			};
			name = Debug;
		};
		347035762C06295D007A5ECD /* Release */ = {
			isa = XCBuildConfiguration;
			buildSettings = {
				ALWAYS_EMBED_SWIFT_STANDARD_LIBRARIES = YES;
				BUNDLE_LOADER = "$(TEST_HOST)";
				CODE_SIGN_STYLE = Automatic;
				CURRENT_PROJECT_VERSION = 1;
				GENERATE_INFOPLIST_FILE = YES;
				IPHONEOS_DEPLOYMENT_TARGET = 17.5;
				MARKETING_VERSION = 1.0;
				PRODUCT_BUNDLE_IDENTIFIER = dev.lipej.ClearMyDoubtsTests;
				PRODUCT_NAME = "$(TARGET_NAME)";
				SWIFT_EMIT_LOC_STRINGS = NO;
				SWIFT_VERSION = 5.0;
				TARGETED_DEVICE_FAMILY = "1,2";
				TEST_HOST = "$(BUILT_PRODUCTS_DIR)/ClearMyDoubts.app/$(BUNDLE_EXECUTABLE_FOLDER_PATH)/ClearMyDoubts";
			};
			name = Release;
		};
		347035782C06295D007A5ECD /* Debug */ = {
			isa = XCBuildConfiguration;
			buildSettings = {
				ALWAYS_EMBED_SWIFT_STANDARD_LIBRARIES = YES;
				CODE_SIGN_STYLE = Automatic;
				CURRENT_PROJECT_VERSION = 1;
				GENERATE_INFOPLIST_FILE = YES;
				MARKETING_VERSION = 1.0;
				PRODUCT_BUNDLE_IDENTIFIER = dev.lipej.ClearMyDoubtsUITests;
				PRODUCT_NAME = "$(TARGET_NAME)";
				SWIFT_EMIT_LOC_STRINGS = NO;
				SWIFT_VERSION = 5.0;
				TARGETED_DEVICE_FAMILY = "1,2";
				TEST_TARGET_NAME = ClearMyDoubts;
			};
			name = Debug;
		};
		347035792C06295D007A5ECD /* Release */ = {
			isa = XCBuildConfiguration;
			buildSettings = {
				ALWAYS_EMBED_SWIFT_STANDARD_LIBRARIES = YES;
				CODE_SIGN_STYLE = Automatic;
				CURRENT_PROJECT_VERSION = 1;
				GENERATE_INFOPLIST_FILE = YES;
				MARKETING_VERSION = 1.0;
				PRODUCT_BUNDLE_IDENTIFIER = dev.lipej.ClearMyDoubtsUITests;
				PRODUCT_NAME = "$(TARGET_NAME)";
				SWIFT_EMIT_LOC_STRINGS = NO;
				SWIFT_VERSION = 5.0;
				TARGETED_DEVICE_FAMILY = "1,2";
				TEST_TARGET_NAME = ClearMyDoubts;
			};
			name = Release;
		};
/* End XCBuildConfiguration section */

/* Begin XCConfigurationList section */
		347035482C06295C007A5ECD /* Build configuration list for PBXProject "ClearMyDoubts" */ = {
			isa = XCConfigurationList;
			buildConfigurations = (
				3470356F2C06295D007A5ECD /* Debug */,
				347035702C06295D007A5ECD /* Release */,
			);
			defaultConfigurationIsVisible = 0;
			defaultConfigurationName = Release;
		};
		347035712C06295D007A5ECD /* Build configuration list for PBXNativeTarget "ClearMyDoubts" */ = {
			isa = XCConfigurationList;
			buildConfigurations = (
				347035722C06295D007A5ECD /* Debug */,
				347035732C06295D007A5ECD /* Release */,
			);
			defaultConfigurationIsVisible = 0;
			defaultConfigurationName = Release;
		};
		347035742C06295D007A5ECD /* Build configuration list for PBXNativeTarget "ClearMyDoubtsTests" */ = {
			isa = XCConfigurationList;
			buildConfigurations = (
				347035752C06295D007A5ECD /* Debug */,
				347035762C06295D007A5ECD /* Release */,
			);
			defaultConfigurationIsVisible = 0;
			defaultConfigurationName = Release;
		};
		347035772C06295D007A5ECD /* Build configuration list for PBXNativeTarget "ClearMyDoubtsUITests" */ = {
			isa = XCConfigurationList;
			buildConfigurations = (
				347035782C06295D007A5ECD /* Debug */,
				347035792C06295D007A5ECD /* Release */,
			);
			defaultConfigurationIsVisible = 0;
			defaultConfigurationName = Release;
		};
/* End XCConfigurationList section */

/* Begin XCRemoteSwiftPackageReference section */
		3470357A2C0629B8007A5ECD /* XCRemoteSwiftPackageReference "SwiftSpeech" */ = {
			isa = XCRemoteSwiftPackageReference;
			repositoryURL = "https://github.com/Cay-Zhang/SwiftSpeech";
			requirement = {
				branch = master;
				kind = branch;
			};
		};
		3470357D2C0636D2007A5ECD /* XCRemoteSwiftPackageReference "socket" */ = {
			isa = XCRemoteSwiftPackageReference;
			repositoryURL = "https://github.com/socketio/socket.io-client-swift";
			requirement = {
				branch = master;
				kind = branch;
			};
		};
/* End XCRemoteSwiftPackageReference section */

/* Begin XCSwiftPackageProductDependency section */
		3470357B2C062B52007A5ECD /* SwiftSpeech */ = {
			isa = XCSwiftPackageProductDependency;
			package = 3470357A2C0629B8007A5ECD /* XCRemoteSwiftPackageReference "SwiftSpeech" */;
			productName = SwiftSpeech;
		};
		3470357E2C0636D2007A5ECD /* SocketIO */ = {
			isa = XCSwiftPackageProductDependency;
			package = 3470357D2C0636D2007A5ECD /* XCRemoteSwiftPackageReference "socket" */;
			productName = SocketIO;
		};
/* End XCSwiftPackageProductDependency section */
	};
	rootObject = 347035452C06295C007A5ECD /* Project object */;
}
